// !$*UTF8*$!
{
	archiveVersion = 1;
	classes = {
	};
	objectVersion = 46;
	objects = {

/* Begin PBXBuildFile section */
		EE62EC83196F0BB200548919 /* Foundation.framework in Frameworks */ = {isa = PBXBuildFile; fileRef = EE62EC82196F0BB200548919 /* Foundation.framework */; };
		EE62EC85196F0BB200548919 /* CoreGraphics.framework in Frameworks */ = {isa = PBXBuildFile; fileRef = EE62EC84196F0BB200548919 /* CoreGraphics.framework */; };
		EE62EC87196F0BB200548919 /* UIKit.framework in Frameworks */ = {isa = PBXBuildFile; fileRef = EE62EC86196F0BB200548919 /* UIKit.framework */; };
		EE62EC8D196F0BB200548919 /* InfoPlist.strings in Resources */ = {isa = PBXBuildFile; fileRef = EE62EC8B196F0BB200548919 /* InfoPlist.strings */; };
		EE62EC8F196F0BB200548919 /* main.m in Sources */ = {isa = PBXBuildFile; fileRef = EE62EC8E196F0BB200548919 /* main.m */; };
		EE62EC93196F0BB200548919 /* APPAppDelegate.m in Sources */ = {isa = PBXBuildFile; fileRef = EE62EC92196F0BB200548919 /* APPAppDelegate.m */; };
		EE62EC96196F0BB200548919 /* Main.storyboard in Resources */ = {isa = PBXBuildFile; fileRef = EE62EC94196F0BB200548919 /* Main.storyboard */; };
		EE62EC99196F0BB200548919 /* APPViewController.m in Sources */ = {isa = PBXBuildFile; fileRef = EE62EC98196F0BB200548919 /* APPViewController.m */; };
		EE62EC9B196F0BB200548919 /* Images.xcassets in Resources */ = {isa = PBXBuildFile; fileRef = EE62EC9A196F0BB200548919 /* Images.xcassets */; };
		EE62ECA2196F0BB200548919 /* XCTest.framework in Frameworks */ = {isa = PBXBuildFile; fileRef = EE62ECA1196F0BB200548919 /* XCTest.framework */; };
		EE62ECA3196F0BB200548919 /* Foundation.framework in Frameworks */ = {isa = PBXBuildFile; fileRef = EE62EC82196F0BB200548919 /* Foundation.framework */; };
		EE62ECA4196F0BB200548919 /* UIKit.framework in Frameworks */ = {isa = PBXBuildFile; fileRef = EE62EC86196F0BB200548919 /* UIKit.framework */; };
		EE62ECAC196F0BB200548919 /* InfoPlist.strings in Resources */ = {isa = PBXBuildFile; fileRef = EE62ECAA196F0BB200548919 /* InfoPlist.strings */; };
		EE62ECAE196F0BB200548919 /* STTests.m in Sources */ = {isa = PBXBuildFile; fileRef = EE62ECAD196F0BB200548919 /* STTests.m */; };
/* End PBXBuildFile section */

/* Begin PBXContainerItemProxy section */
		EE62ECA5196F0BB200548919 /* PBXContainerItemProxy */ = {
			isa = PBXContainerItemProxy;
			containerPortal = EE62EC77196F0BB200548919 /* Project object */;
			proxyType = 1;
			remoteGlobalIDString = EE62EC7E196F0BB200548919;
			remoteInfo = ST;
		};
/* End PBXContainerItemProxy section */

/* Begin PBXFileReference section */
		EE62EC7F196F0BB200548919 /* ST.app */ = {isa = PBXFileReference; explicitFileType = wrapper.application; includeInIndex = 0; path = ST.app; sourceTree = BUILT_PRODUCTS_DIR; };
		EE62EC82196F0BB200548919 /* Foundation.framework */ = {isa = PBXFileReference; lastKnownFileType = wrapper.framework; name = Foundation.framework; path = System/Library/Frameworks/Foundation.framework; sourceTree = SDKROOT; };
		EE62EC84196F0BB200548919 /* CoreGraphics.framework */ = {isa = PBXFileReference; lastKnownFileType = wrapper.framework; name = CoreGraphics.framework; path = System/Library/Frameworks/CoreGraphics.framework; sourceTree = SDKROOT; };
		EE62EC86196F0BB200548919 /* UIKit.framework */ = {isa = PBXFileReference; lastKnownFileType = wrapper.framework; name = UIKit.framework; path = System/Library/Frameworks/UIKit.framework; sourceTree = SDKROOT; };
		EE62EC8A196F0BB200548919 /* ST-Info.plist */ = {isa = PBXFileReference; lastKnownFileType = text.plist.xml; path = "ST-Info.plist"; sourceTree = "<group>"; };
		EE62EC8C196F0BB200548919 /* en */ = {isa = PBXFileReference; lastKnownFileType = text.plist.strings; name = en; path = en.lproj/InfoPlist.strings; sourceTree = "<group>"; };
		EE62EC8E196F0BB200548919 /* main.m */ = {isa = PBXFileReference; lastKnownFileType = sourcecode.c.objc; path = main.m; sourceTree = "<group>"; };
		EE62EC90196F0BB200548919 /* ST-Prefix.pch */ = {isa = PBXFileReference; lastKnownFileType = sourcecode.c.h; path = "ST-Prefix.pch"; sourceTree = "<group>"; };
		EE62EC91196F0BB200548919 /* APPAppDelegate.h */ = {isa = PBXFileReference; lastKnownFileType = sourcecode.c.h; path = APPAppDelegate.h; sourceTree = "<group>"; };
		EE62EC92196F0BB200548919 /* APPAppDelegate.m */ = {isa = PBXFileReference; lastKnownFileType = sourcecode.c.objc; path = APPAppDelegate.m; sourceTree = "<group>"; };
		EE62EC95196F0BB200548919 /* Base */ = {isa = PBXFileReference; lastKnownFileType = file.storyboard; name = Base; path = Base.lproj/Main.storyboard; sourceTree = "<group>"; };
		EE62EC97196F0BB200548919 /* APPViewController.h */ = {isa = PBXFileReference; lastKnownFileType = sourcecode.c.h; path = APPViewController.h; sourceTree = "<group>"; };
		EE62EC98196F0BB200548919 /* APPViewController.m */ = {isa = PBXFileReference; lastKnownFileType = sourcecode.c.objc; path = APPViewController.m; sourceTree = "<group>"; };
		EE62EC9A196F0BB200548919 /* Images.xcassets */ = {isa = PBXFileReference; lastKnownFileType = folder.assetcatalog; path = Images.xcassets; sourceTree = "<group>"; };
		EE62ECA0196F0BB200548919 /* STTests.xctest */ = {isa = PBXFileReference; explicitFileType = wrapper.cfbundle; includeInIndex = 0; path = STTests.xctest; sourceTree = BUILT_PRODUCTS_DIR; };
		EE62ECA1196F0BB200548919 /* XCTest.framework */ = {isa = PBXFileReference; lastKnownFileType = wrapper.framework; name = XCTest.framework; path = Library/Frameworks/XCTest.framework; sourceTree = DEVELOPER_DIR; };
		EE62ECA9196F0BB200548919 /* STTests-Info.plist */ = {isa = PBXFileReference; lastKnownFileType = text.plist.xml; path = "STTests-Info.plist"; sourceTree = "<group>"; };
		EE62ECAB196F0BB200548919 /* en */ = {isa = PBXFileReference; lastKnownFileType = text.plist.strings; name = en; path = en.lproj/InfoPlist.strings; sourceTree = "<group>"; };
		EE62ECAD196F0BB200548919 /* STTests.m */ = {isa = PBXFileReference; lastKnownFileType = sourcecode.c.objc; path = STTests.m; sourceTree = "<group>"; };
/* End PBXFileReference section */

/* Begin PBXFrameworksBuildPhase section */
		EE62EC7C196F0BB200548919 /* Frameworks */ = {
			isa = PBXFrameworksBuildPhase;
			buildActionMask = 2147483647;
			files = (
				EE62EC85196F0BB200548919 /* CoreGraphics.framework in Frameworks */,
				EE62EC87196F0BB200548919 /* UIKit.framework in Frameworks */,
				EE62EC83196F0BB200548919 /* Foundation.framework in Frameworks */,
			);
			runOnlyForDeploymentPostprocessing = 0;
		};
		EE62EC9D196F0BB200548919 /* Frameworks */ = {
			isa = PBXFrameworksBuildPhase;
			buildActionMask = 2147483647;
			files = (
				EE62ECA2196F0BB200548919 /* XCTest.framework in Frameworks */,
				EE62ECA4196F0BB200548919 /* UIKit.framework in Frameworks */,
				EE62ECA3196F0BB200548919 /* Foundation.framework in Frameworks */,
			);
			runOnlyForDeploymentPostprocessing = 0;
		};
/* End PBXFrameworksBuildPhase section */

/* Begin PBXGroup section */
		EE62EC76196F0BB200548919 = {
			isa = PBXGroup;
			children = (
				EE62EC88196F0BB200548919 /* ST */,
				EE62ECA7196F0BB200548919 /* STTests */,
				EE62EC81196F0BB200548919 /* Frameworks */,
				EE62EC80196F0BB200548919 /* Products */,
			);
			sourceTree = "<group>";
		};
		EE62EC80196F0BB200548919 /* Products */ = {
			isa = PBXGroup;
			children = (
				EE62EC7F196F0BB200548919 /* ST.app */,
				EE62ECA0196F0BB200548919 /* STTests.xctest */,
			);
			name = Products;
			sourceTree = "<group>";
		};
		EE62EC81196F0BB200548919 /* Frameworks */ = {
			isa = PBXGroup;
			children = (
				EE62EC82196F0BB200548919 /* Foundation.framework */,
				EE62EC84196F0BB200548919 /* CoreGraphics.framework */,
				EE62EC86196F0BB200548919 /* UIKit.framework */,
				EE62ECA1196F0BB200548919 /* XCTest.framework */,
			);
			name = Frameworks;
			sourceTree = "<group>";
		};
		EE62EC88196F0BB200548919 /* ST */ = {
			isa = PBXGroup;
			children = (
				EE62EC91196F0BB200548919 /* APPAppDelegate.h */,
				EE62EC92196F0BB200548919 /* APPAppDelegate.m */,
				EE62EC94196F0BB200548919 /* Main.storyboard */,
				EE62EC97196F0BB200548919 /* APPViewController.h */,
				EE62EC98196F0BB200548919 /* APPViewController.m */,
				EE62EC9A196F0BB200548919 /* Images.xcassets */,
				EE62EC89196F0BB200548919 /* Supporting Files */,
			);
			path = ST;
			sourceTree = "<group>";
		};
		EE62EC89196F0BB200548919 /* Supporting Files */ = {
			isa = PBXGroup;
			children = (
				EE62EC8A196F0BB200548919 /* ST-Info.plist */,
				EE62EC8B196F0BB200548919 /* InfoPlist.strings */,
				EE62EC8E196F0BB200548919 /* main.m */,
				EE62EC90196F0BB200548919 /* ST-Prefix.pch */,
			);
			name = "Supporting Files";
			sourceTree = "<group>";
		};
		EE62ECA7196F0BB200548919 /* STTests */ = {
			isa = PBXGroup;
			children = (
				EE62ECAD196F0BB200548919 /* STTests.m */,
				EE62ECA8196F0BB200548919 /* Supporting Files */,
			);
			path = STTests;
			sourceTree = "<group>";
		};
		EE62ECA8196F0BB200548919 /* Supporting Files */ = {
			isa = PBXGroup;
			children = (
				EE62ECA9196F0BB200548919 /* STTests-Info.plist */,
				EE62ECAA196F0BB200548919 /* InfoPlist.strings */,
			);
			name = "Supporting Files";
			sourceTree = "<group>";
		};
/* End PBXGroup section */

/* Begin PBXNativeTarget section */
		EE62EC7E196F0BB200548919 /* ST */ = {
			isa = PBXNativeTarget;
			buildConfigurationList = EE62ECB1196F0BB200548919 /* Build configuration list for PBXNativeTarget "ST" */;
			buildPhases = (
				EE62EC7B196F0BB200548919 /* Sources */,
				EE62EC7C196F0BB200548919 /* Frameworks */,
				EE62EC7D196F0BB200548919 /* Resources */,
			);
			buildRules = (
			);
			dependencies = (
			);
			name = ST;
			productName = ST;
			productReference = EE62EC7F196F0BB200548919 /* ST.app */;
			productType = "com.apple.product-type.application";
		};
		EE62EC9F196F0BB200548919 /* STTests */ = {
			isa = PBXNativeTarget;
			buildConfigurationList = EE62ECB4196F0BB200548919 /* Build configuration list for PBXNativeTarget "STTests" */;
			buildPhases = (
				EE62EC9C196F0BB200548919 /* Sources */,
				EE62EC9D196F0BB200548919 /* Frameworks */,
				EE62EC9E196F0BB200548919 /* Resources */,
			);
			buildRules = (
			);
			dependencies = (
				EE62ECA6196F0BB200548919 /* PBXTargetDependency */,
			);
			name = STTests;
			productName = STTests;
			productReference = EE62ECA0196F0BB200548919 /* STTests.xctest */;
			productType = "com.apple.product-type.bundle.unit-test";
		};
/* End PBXNativeTarget section */

/* Begin PBXProject section */
		EE62EC77196F0BB200548919 /* Project object */ = {
			isa = PBXProject;
			attributes = {
				CLASSPREFIX = APP;
				LastUpgradeCheck = 0510;
				ORGANIZATIONNAME = appcoda;
				TargetAttributes = {
					EE62EC9F196F0BB200548919 = {
						TestTargetID = EE62EC7E196F0BB200548919;
					};
				};
			};
			buildConfigurationList = EE62EC7A196F0BB200548919 /* Build configuration list for PBXProject "ST" */;
			compatibilityVersion = "Xcode 3.2";
			developmentRegion = English;
			hasScannedForEncodings = 0;
			knownRegions = (
				en,
				Base,
			);
			mainGroup = EE62EC76196F0BB200548919;
			productRefGroup = EE62EC80196F0BB200548919 /* Products */;
			projectDirPath = "";
			projectRoot = "";
			targets = (
				EE62EC7E196F0BB200548919 /* ST */,
				EE62EC9F196F0BB200548919 /* STTests */,
			);
		};
/* End PBXProject section */

/* Begin PBXResourcesBuildPhase section */
		EE62EC7D196F0BB200548919 /* Resources */ = {
			isa = PBXResourcesBuildPhase;
			buildActionMask = 2147483647;
			files = (
				EE62EC9B196F0BB200548919 /* Images.xcassets in Resources */,
				EE62EC8D196F0BB200548919 /* InfoPlist.strings in Resources */,
				EE62EC96196F0BB200548919 /* Main.storyboard in Resources */,
			);
			runOnlyForDeploymentPostprocessing = 0;
		};
		EE62EC9E196F0BB200548919 /* Resources */ = {
			isa = PBXResourcesBuildPhase;
			buildActionMask = 2147483647;
			files = (
				EE62ECAC196F0BB200548919 /* InfoPlist.strings in Resources */,
			);
			runOnlyForDeploymentPostprocessing = 0;
		};
/* End PBXResourcesBuildPhase section */

/* Begin PBXSourcesBuildPhase section */
		EE62EC7B196F0BB200548919 /* Sources */ = {
			isa = PBXSourcesBuildPhase;
			buildActionMask = 2147483647;
			files = (
				EE62EC99196F0BB200548919 /* APPViewController.m in Sources */,
				EE62EC93196F0BB200548919 /* APPAppDelegate.m in Sources */,
				EE62EC8F196F0BB200548919 /* main.m in Sources */,
			);
			runOnlyForDeploymentPostprocessing = 0;
		};
		EE62EC9C196F0BB200548919 /* Sources */ = {
			isa = PBXSourcesBuildPhase;
			buildActionMask = 2147483647;
			files = (
				EE62ECAE196F0BB200548919 /* STTests.m in Sources */,
			);
			runOnlyForDeploymentPostprocessing = 0;
		};
/* End PBXSourcesBuildPhase section */

/* Begin PBXTargetDependency section */
		EE62ECA6196F0BB200548919 /* PBXTargetDependency */ = {
			isa = PBXTargetDependency;
			target = EE62EC7E196F0BB200548919 /* ST */;
			targetProxy = EE62ECA5196F0BB200548919 /* PBXContainerItemProxy */;
		};
/* End PBXTargetDependency section */

/* Begin PBXVariantGroup section */
		EE62EC8B196F0BB200548919 /* InfoPlist.strings */ = {
			isa = PBXVariantGroup;
			children = (
				EE62EC8C196F0BB200548919 /* en */,
			);
			name = InfoPlist.strings;
			sourceTree = "<group>";
		};
		EE62EC94196F0BB200548919 /* Main.storyboard */ = {
			isa = PBXVariantGroup;
			children = (
				EE62EC95196F0BB200548919 /* Base */,
			);
			name = Main.storyboard;
			sourceTree = "<group>";
		};
		EE62ECAA196F0BB200548919 /* InfoPlist.strings */ = {
			isa = PBXVariantGroup;
			children = (
				EE62ECAB196F0BB200548919 /* en */,
			);
			name = InfoPlist.strings;
			sourceTree = "<group>";
		};
/* End PBXVariantGroup section */

/* Begin XCBuildConfiguration section */
		EE62ECAF196F0BB200548919 /* Debug */ = {
			isa = XCBuildConfiguration;
			buildSettings = {
				ALWAYS_SEARCH_USER_PATHS = NO;
				CLANG_CXX_LANGUAGE_STANDARD = "gnu++0x";
				CLANG_CXX_LIBRARY = "libc++";
				CLANG_ENABLE_MODULES = YES;
				CLANG_ENABLE_OBJC_ARC = YES;
				CLANG_WARN_BOOL_CONVERSION = YES;
				CLANG_WARN_CONSTANT_CONVERSION = YES;
				CLANG_WARN_DIRECT_OBJC_ISA_USAGE = YES_ERROR;
				CLANG_WARN_EMPTY_BODY = YES;
				CLANG_WARN_ENUM_CONVERSION = YES;
				CLANG_WARN_INT_CONVERSION = YES;
				CLANG_WARN_OBJC_ROOT_CLASS = YES_ERROR;
				CLANG_WARN__DUPLICATE_METHOD_MATCH = YES;
				"CODE_SIGN_IDENTITY[sdk=iphoneos*]" = "iPhone Developer";
				COPY_PHASE_STRIP = NO;
				GCC_C_LANGUAGE_STANDARD = gnu99;
				GCC_DYNAMIC_NO_PIC = NO;
				GCC_OPTIMIZATION_LEVEL = 0;
				GCC_PREPROCESSOR_DEFINITIONS = (
					"DEBUG=1",
					"$(inherited)",
				);
				GCC_SYMBOLS_PRIVATE_EXTERN = NO;
				GCC_WARN_64_TO_32_BIT_CONVERSION = YES;
				GCC_WARN_ABOUT_RETURN_TYPE = YES_ERROR;
				GCC_WARN_UNDECLARED_SELECTOR = YES;
				GCC_WARN_UNINITIALIZED_AUTOS = YES_AGGRESSIVE;
				GCC_WARN_UNUSED_FUNCTION = YES;
				GCC_WARN_UNUSED_VARIABLE = YES;
				IPHONEOS_DEPLOYMENT_TARGET = 7.1;
				ONLY_ACTIVE_ARCH = YES;
				SDKROOT = iphoneos;
			};
			name = Debug;
		};
		EE62ECB0196F0BB200548919 /* Release */ = {
			isa = XCBuildConfiguration;
			buildSettings = {
				ALWAYS_SEARCH_USER_PATHS = NO;
				CLANG_CXX_LANGUAGE_STANDARD = "gnu++0x";
				CLANG_CXX_LIBRARY = "libc++";
				CLANG_ENABLE_MODULES = YES;
				CLANG_ENABLE_OBJC_ARC = YES;
				CLANG_WARN_BOOL_CONVERSION = YES;
				CLANG_WARN_CONSTANT_CONVERSION = YES;
				CLANG_WARN_DIRECT_OBJC_ISA_USAGE = YES_ERROR;
				CLANG_WARN_EMPTY_BODY = YES;
				CLANG_WARN_ENUM_CONVERSION = YES;
				CLANG_WARN_INT_CONVERSION = YES;
				CLANG_WARN_OBJC_ROOT_CLASS = YES_ERROR;
				CLANG_WARN__DUPLICATE_METHOD_MATCH = YES;
				"CODE_SIGN_IDENTITY[sdk=iphoneos*]" = "iPhone Developer";
				COPY_PHASE_STRIP = YES;
				ENABLE_NS_ASSERTIONS = NO;
				GCC_C_LANGUAGE_STANDARD = gnu99;
				GCC_WARN_64_TO_32_BIT_CONVERSION = YES;
				GCC_WARN_ABOUT_RETURN_TYPE = YES_ERROR;
				GCC_WARN_UNDECLARED_SELECTOR = YES;
				GCC_WARN_UNINITIALIZED_AUTOS = YES_AGGRESSIVE;
				GCC_WARN_UNUSED_FUNCTION = YES;
				GCC_WARN_UNUSED_VARIABLE = YES;
				IPHONEOS_DEPLOYMENT_TARGET = 7.1;
				SDKROOT = iphoneos;
				VALIDATE_PRODUCT = YES;
			};
			name = Release;
		};
		EE62ECB2196F0BB200548919 /* Debug */ = {
			isa = XCBuildConfiguration;
			buildSettings = {
				ASSETCATALOG_COMPILER_APPICON_NAME = AppIcon;
				ASSETCATALOG_COMPILER_LAUNCHIMAGE_NAME = LaunchImage;
				GCC_PRECOMPILE_PREFIX_HEADER = YES;
				GCC_PREFIX_HEADER = "ST/ST-Prefix.pch";
				INFOPLIST_FILE = "ST/ST-Info.plist";
				PRODUCT_NAME = "$(TARGET_NAME)";
				WRAPPER_EXTENSION = app;
			};
			name = Debug;
		};
		EE62ECB3196F0BB200548919 /* Release */ = {
			isa = XCBuildConfiguration;
			buildSettings = {
				ASSETCATALOG_COMPILER_APPICON_NAME = AppIcon;
				ASSETCATALOG_COMPILER_LAUNCHIMAGE_NAME = LaunchImage;
				GCC_PRECOMPILE_PREFIX_HEADER = YES;
				GCC_PREFIX_HEADER = "ST/ST-Prefix.pch";
				INFOPLIST_FILE = "ST/ST-Info.plist";
				PRODUCT_NAME = "$(TARGET_NAME)";
				WRAPPER_EXTENSION = app;
			};
			name = Release;
		};
		EE62ECB5196F0BB200548919 /* Debug */ = {
			isa = XCBuildConfiguration;
			buildSettings = {
				BUNDLE_LOADER = "$(BUILT_PRODUCTS_DIR)/ST.app/ST";
				FRAMEWORK_SEARCH_PATHS = (
					"$(SDKROOT)/Developer/Library/Frameworks",
					"$(inherited)",
					"$(DEVELOPER_FRAMEWORKS_DIR)",
				);
				GCC_PRECOMPILE_PREFIX_HEADER = YES;
				GCC_PREFIX_HEADER = "ST/ST-Prefix.pch";
				GCC_PREPROCESSOR_DEFINITIONS = (
					"DEBUG=1",
					"$(inherited)",
				);
				INFOPLIST_FILE = "STTests/STTests-Info.plist";
				PRODUCT_NAME = "$(TARGET_NAME)";
				TEST_HOST = "$(BUNDLE_LOADER)";
				WRAPPER_EXTENSION = xctest;
			};
			name = Debug;
		};
		EE62ECB6196F0BB200548919 /* Release */ = {
			isa = XCBuildConfiguration;
			buildSettings = {
				BUNDLE_LOADER = "$(BUILT_PRODUCTS_DIR)/ST.app/ST";
				FRAMEWORK_SEARCH_PATHS = (
					"$(SDKROOT)/Developer/Library/Frameworks",
					"$(inherited)",
					"$(DEVELOPER_FRAMEWORKS_DIR)",
				);
				GCC_PRECOMPILE_PREFIX_HEADER = YES;
				GCC_PREFIX_HEADER = "ST/ST-Prefix.pch";
				INFOPLIST_FILE = "STTests/STTests-Info.plist";
				PRODUCT_NAME = "$(TARGET_NAME)";
				TEST_HOST = "$(BUNDLE_LOADER)";
				WRAPPER_EXTENSION = xctest;
			};
			name = Release;
		};
/* End XCBuildConfiguration section */

/* Begin XCConfigurationList section */
		EE62EC7A196F0BB200548919 /* Build configuration list for PBXProject "ST" */ = {
			isa = XCConfigurationList;
			buildConfigurations = (
				EE62ECAF196F0BB200548919 /* Debug */,
				EE62ECB0196F0BB200548919 /* Release */,
			);
			defaultConfigurationIsVisible = 0;
			defaultConfigurationName = Release;
		};
		EE62ECB1196F0BB200548919 /* Build configuration list for PBXNativeTarget "ST" */ = {
			isa = XCConfigurationList;
			buildConfigurations = (
				EE62ECB2196F0BB200548919 /* Debug */,
				EE62ECB3196F0BB200548919 /* Release */,
			);
			defaultConfigurationIsVisible = 0;
		};
		EE62ECB4196F0BB200548919 /* Build configuration list for PBXNativeTarget "STTests" */ = {
			isa = XCConfigurationList;
			buildConfigurations = (
				EE62ECB5196F0BB200548919 /* Debug */,
				EE62ECB6196F0BB200548919 /* Release */,
			);
			defaultConfigurationIsVisible = 0;
		};
/* End XCConfigurationList section */
	};
	rootObject = EE62EC77196F0BB200548919 /* Project object */;
}
